# This file is automatically @generated by Cargo.
# It is not intended for manual editing.
version = 4

[[package]]
name = "const-ciphers"
version = "0.0.5"
dependencies = [
 "const_for",
]

[[package]]
name = "const_for"
version = "0.1.5"
source = "registry+https://github.com/rust-lang/crates.io-index"
checksum = "d9c50fcfdf972929aff202c16b80086aa3cfc6a3a820af714096c58c7c1d0582"
